
Microsoft Visual Studio Solution File, Format Version 12.00
# Visual Studio Version 17
VisualStudioVersion = 17.9.34902.65
MinimumVisualStudioVersion = 10.0.40219.1
Project("{FAE04EC0-301F-11D3-BF4B-00C04F79EFBC}") = "address book", "address book\address book.csproj", "{2003416D-2E7A-482B-8648-B1AAEF45C61C}"
EndProject
Global
	GlobalSection(SolutionConfigurationPlatforms) = preSolution
		Debug|Any CPU = Debug|Any CPU
		Release|Any CPU = Release|Any CPU
	EndGlobalSection
	GlobalSection(ProjectConfigurationPlatforms) = postSolution
		{2003416D-2E7A-482B-8648-B1AAEF45C61C}.Debug|Any CPU.ActiveCfg = Debug|Any CPU
		{2003416D-2E7A-482B-8648-B1AAEF45C61C}.Debug|Any CPU.Build.0 = Debug|Any CPU
		{2003416D-2E7A-482B-8648-B1AAEF45C61C}.Release|Any CPU.ActiveCfg = Release|Any CPU
		{2003416D-2E7A-482B-8648-B1AAEF45C61C}.Release|Any CPU.Build.0 = Release|Any CPU
	EndGlobalSection
	GlobalSection(SolutionProperties) = preSolution
		HideSolutionNode = FALSE
	EndGlobalSection
	GlobalSection(ExtensibilityGlobals) = postSolution
		SolutionGuid = {F28768A9-EF81-46FE-877B-FD601390B370}
	EndGlobalSection
EndGlobal
